
Microsoft Visual Studio Solution File, Format Version 12.00
# Visual Studio Version 17
VisualStudioVersion = 17.9.34728.123
MinimumVisualStudioVersion = 10.0.40219.1
Project("{FAE04EC0-301F-11D3-BF4B-00C04F79EFBC}") = "1305", "1305.csproj", "{F4D1A7B4-417F-4530-BF33-AA69A286261A}"
EndProject
Global
	GlobalSection(SolutionConfigurationPlatforms) = preSolution
		Debug|Any CPU = Debug|Any CPU
		Release|Any CPU = Release|Any CPU
	EndGlobalSection
	GlobalSection(ProjectConfigurationPlatforms) = postSolution
		{F4D1A7B4-417F-4530-BF33-AA69A286261A}.Debug|Any CPU.ActiveCfg = Debug|Any CPU
		{F4D1A7B4-417F-4530-BF33-AA69A286261A}.Debug|Any CPU.Build.0 = Debug|Any CPU
		{F4D1A7B4-417F-4530-BF33-AA69A286261A}.Release|Any CPU.ActiveCfg = Release|Any CPU
		{F4D1A7B4-417F-4530-BF33-AA69A286261A}.Release|Any CPU.Build.0 = Release|Any CPU
	EndGlobalSection
	GlobalSection(SolutionProperties) = preSolution
		HideSolutionNode = FALSE
	EndGlobalSection
	GlobalSection(ExtensibilityGlobals) = postSolution
		SolutionGuid = {E1EA7FF2-8643-469D-9FA2-6DA2E0F1D7FE}
	EndGlobalSection
EndGlobal
